{
  "name": "bnf-parser",
  "version": "1.0.0",
  "lockfileVersion": 3,
  "requires": true,
  "packages": {
    "": {
      "name": "bnf-parser",
      "version": "1.0.0",
      "license": "ISC",
      "dependencies": {
        "bnf-parser": "^4.1.3"
      }
    },
    "node_modules/binaryen": {
      "version": "113.0.0",
      "resolved": "https://registry.npmjs.org/binaryen/-/binaryen-113.0.0.tgz",
      "integrity": "sha512-KJIIE7dzkFrPXYNkorEx9L1UQVGkpQfZw3HlrVXtol5SuzBY5AL1/zgg0gvuXJqdwJCe1xFiqqCaDrZd9OGgGQ==",
      "license": "Apache-2.0",
      "bin": {
        "wasm-opt": "bin/wasm-opt",
        "wasm2js": "bin/wasm2js"
      }
    },
    "node_modules/bnf-parser": {
      "version": "4.1.3",
      "resolved": "https://registry.npmjs.org/bnf-parser/-/bnf-parser-4.1.3.tgz",
      "integrity": "sha512-8SiKqTxdBplPJz89mxbTA5SlUR7oucHJ3N7iGpbWOmGzA1+6zLWMTKVh+7tFJiExAiLnToa9DMMxBNd9rV0JyA==",
      "license": "MIT",
      "dependencies": {
        "binaryen": "^113.0.0",
        "chalk": "^5.3.0"
      },
      "bin": {
        "bnf-compile": "bin/cli.js"
      }
    },
    "node_modules/chalk": {
      "version": "5.3.0",
      "resolved": "https://registry.npmjs.org/chalk/-/chalk-5.3.0.tgz",
      "integrity": "sha512-dLitG79d+GV1Nb/VYcCDFivJeK1hiukt9QjRNVOsUtTy1rR1YJsmpGGTZ3qJos+uw7WmWF4wUwBd9jxjocFC2w==",
      "license": "MIT",
      "engines": {
        "node": "^12.17.0 || ^14.13 || >=16.0.0"
      },
      "funding": {
        "url": "https://github.com/chalk/chalk?sponsor=1"
      }
    }
  }
}
