{
  "name": "lezer",
  "version": "1.0.0",
  "lockfileVersion": 3,
  "requires": true,
  "packages": {
    "": {
      "name": "lezer",
      "version": "1.0.0",
      "license": "ISC",
      "dependencies": {
        "lezer": "^0.13.5"
      }
    },
    "node_modules/lezer": {
      "version": "0.13.5",
      "resolved": "https://registry.npmjs.org/lezer/-/lezer-0.13.5.tgz",
      "integrity": "sha512-cAiMQZGUo2BD8mpcz7Nv1TlKzWP7YIdIRrX41CiP5bk5t4GHxskOxWUx2iAOuHlz8dO+ivbuXr0J1bfHsWD+lQ==",
      "deprecated": "This package has been replaced by @lezer/lr",
      "license": "MIT",
      "dependencies": {
        "lezer-tree": "^0.13.2"
      }
    },
    "node_modules/lezer-tree": {
      "version": "0.13.2",
      "resolved": "https://registry.npmjs.org/lezer-tree/-/lezer-tree-0.13.2.tgz",
      "integrity": "sha512-15ZxW8TxVNAOkHIo43Iouv4zbSkQQ5chQHBpwXcD2bBFz46RB4jYLEEww5l1V0xyIx9U2clSyyrLes+hAUFrGQ==",
      "deprecated": "This package has been replaced by @lezer/common",
      "license": "MIT"
    }
  }
}
